
Microsoft Visual Studio Solution File, Format Version 12.00
# Visual Studio Version 16
VisualStudioVersion = 16.0.31321.278
MinimumVisualStudioVersion = 10.0.40219.1
Project("{2150E333-8FDC-42A3-9474-1A3956D46DE8}") = "src", "src", "{8CE08A22-9D22-42FC-BB81-2626D8D37BA7}"
EndProject
Project("{2150E333-8FDC-42A3-9474-1A3956D46DE8}") = "tests", "tests", "{24CC63E5-95E5-462D-B59A-8AA1E46B6BF2}"
EndProject
Project("{FAE04EC0-301F-11D3-BF4B-00C04F79EFBC}") = "MeetingApi", "src\MeetingApi\MeetingApi.csproj", "{E2C6461A-CCDF-4F6B-8072-674E82F25A32}"
EndProject
Global
	GlobalSection(SolutionConfigurationPlatforms) = preSolution
		Debug|Any CPU = Debug|Any CPU
		Release|Any CPU = Release|Any CPU
	EndGlobalSection
	GlobalSection(ProjectConfigurationPlatforms) = postSolution
		{E2C6461A-CCDF-4F6B-8072-674E82F25A32}.Debug|Any CPU.ActiveCfg = Debug|Any CPU
		{E2C6461A-CCDF-4F6B-8072-674E82F25A32}.Debug|Any CPU.Build.0 = Debug|Any CPU
		{E2C6461A-CCDF-4F6B-8072-674E82F25A32}.Release|Any CPU.ActiveCfg = Release|Any CPU
		{E2C6461A-CCDF-4F6B-8072-674E82F25A32}.Release|Any CPU.Build.0 = Release|Any CPU
	EndGlobalSection
	GlobalSection(SolutionProperties) = preSolution
		HideSolutionNode = FALSE
	EndGlobalSection
	GlobalSection(NestedProjects) = preSolution
		{E2C6461A-CCDF-4F6B-8072-674E82F25A32} = {8CE08A22-9D22-42FC-BB81-2626D8D37BA7}
	EndGlobalSection
	GlobalSection(ExtensibilityGlobals) = postSolution
		SolutionGuid = {066EA0B0-7968-405A-8C55-B07E8F6B8904}
	EndGlobalSection
EndGlobal
